<?xml version="1.0" encoding="utf-8"?>
<Project ToolsVersion="4.0" xmlns="http://schemas.microsoft.com/developer/msbuild/2003">
  <ItemGroup>
    <Filter Include="Source Files">
      <UniqueIdentifier>{4FC737F1-C7A5-4376-A066-2A32D752A2FF}</UniqueIdentifier>
      <Extensions>cpp;c;cc;cxx;def;odl;idl;hpj;bat;asm;asmx</Extensions>
    </Filter>
    <Filter Include="Header Files">
      <UniqueIdentifier>{93995380-89BD-4b04-88EB-625FBE52EBFB}</UniqueIdentifier>
      <Extensions>h;hpp;hxx;hm;inl;inc;xsd</Extensions>
    </Filter>
    <Filter Include="Resource Files">
      <UniqueIdentifier>{67DA6AB6-F800-4c08-8B7A-83BB121AAD01}</UniqueIdentifier>
      <Extensions>rc;ico;cur;bmp;dlg;rc2;rct;bin;rgs;gif;jpg;jpeg;jpe;resx;tiff;tif;png;wav;mfcribbon-ms</Extensions>
    </Filter>
    <Filter Include="libBVCU">
      <UniqueIdentifier>{aec6e4db-6a3c-464a-99b8-77b9775cc36b}</UniqueIdentifier>
    </Filter>
  </ItemGroup>
  <ItemGroup>
    <None Include="ReadMe.txt" />
    <None Include="res\BVLogo.bmp">
      <Filter>Resource Files</Filter>
    </None>
    <None Include="res\MFCDemo.ico">
      <Filter>Resource Files</Filter>
    </None>
    <None Include="res\MFCDemo.rc2">
      <Filter>Resource Files</Filter>
    </None>
  </ItemGroup>
  <ItemGroup>
    <ClInclude Include="stdafx.h">
      <Filter>Header Files</Filter>
    </ClInclude>
    <ClInclude Include="targetver.h">
      <Filter>Header Files</Filter>
    </ClInclude>
    <ClInclude Include="Resource.h">
      <Filter>Header Files</Filter>
    </ClInclude>
    <ClInclude Include="LoginDlg.h">
      <Filter>Header Files</Filter>
    </ClInclude>
    <ClInclude Include="Config.h">
      <Filter>Header Files</Filter>
    </ClInclude>
    <ClInclude Include="MFCDemo.h">
      <Filter>Header Files</Filter>
    </ClInclude>
    <ClInclude Include="MFCDemoDlg.h">
      <Filter>Header Files</Filter>
    </ClInclude>
    <ClInclude Include="libBVCU\DbgConsoleOut.h">
      <Filter>libBVCU</Filter>
    </ClInclude>
    <ClInclude Include="libBVCU\MLibBVCU.h">
      <Filter>libBVCU</Filter>
    </ClInclude>
    <ClInclude Include="PlayWnd.h">
      <Filter>Header Files</Filter>
    </ClInclude>
    <ClInclude Include="MDataList.h">
      <Filter>Header Files</Filter>
    </ClInclude>
    <ClInclude Include="PlayContainer.h">
      <Filter>Header Files</Filter>
    </ClInclude>
    <ClInclude Include="PannelSelect.h">
      <Filter>Header Files</Filter>
    </ClInclude>
    <ClInclude Include="PannelPTZ.h">
      <Filter>Header Files</Filter>
    </ClInclude>
    <ClInclude Include="PannelNormal.h">
      <Filter>Header Files</Filter>
    </ClInclude>
    <ClInclude Include="TreeCtrlX.h">
      <Filter>Header Files</Filter>
    </ClInclude>
    <ClInclude Include="PannelCruise.h">
      <Filter>Header Files</Filter>
    </ClInclude>
    <ClInclude Include="PannelGPS.h">
      <Filter>Header Files</Filter>
    </ClInclude>
    <ClInclude Include="PannelTest.h">
      <Filter>Header Files</Filter>
    </ClInclude>
    <ClInclude Include="PannelRecPlayRemote.h">
      <Filter>Header Files</Filter>
    </ClInclude>
    <ClInclude Include="DeviceManager.h">
      <Filter>Header Files</Filter>
    </ClInclude>
    <ClInclude Include="BVDeviceInfo.h">
      <Filter>Header Files</Filter>
    </ClInclude>
    <ClInclude Include="BVPuServers.h">
      <Filter>Header Files</Filter>
    </ClInclude>
    <ClInclude Include="BVPuWifi.h">
      <Filter>Header Files</Filter>
    </ClInclude>
    <ClInclude Include="BVRadioNetwork.h">
      <Filter>Header Files</Filter>
    </ClInclude>
    <ClInclude Include="BVPuOnlineControl.h">
      <Filter>Header Files</Filter>
    </ClInclude>
    <ClInclude Include="BVGpsData.h">
      <Filter>Header Files</Filter>
    </ClInclude>
    <ClInclude Include="UserManager.h">
      <Filter>Header Files</Filter>
    </ClInclude>
    <ClInclude Include="SearchPUList.h">
      <Filter>Header Files</Filter>
    </ClInclude>
  </ItemGroup>
  <ItemGroup>
    <ClCompile Include="stdafx.cpp">
      <Filter>Source Files</Filter>
    </ClCompile>
    <ClCompile Include="LoginDlg.cpp">
      <Filter>Source Files</Filter>
    </ClCompile>
    <ClCompile Include="Config.cpp">
      <Filter>Source Files</Filter>
    </ClCompile>
    <ClCompile Include="MFCDemo.cpp">
      <Filter>Source Files</Filter>
    </ClCompile>
    <ClCompile Include="MFCDemoDlg.cpp">
      <Filter>Source Files</Filter>
    </ClCompile>
    <ClCompile Include="libBVCU\DbgConsoleOut.cpp">
      <Filter>libBVCU</Filter>
    </ClCompile>
    <ClCompile Include="libBVCU\MLibBVCU.cpp">
      <Filter>libBVCU</Filter>
    </ClCompile>
    <ClCompile Include="PlayWnd.cpp">
      <Filter>Source Files</Filter>
    </ClCompile>
    <ClCompile Include="MDataList.cpp">
      <Filter>Source Files</Filter>
    </ClCompile>
    <ClCompile Include="PlayContainer.cpp">
      <Filter>Source Files</Filter>
    </ClCompile>
    <ClCompile Include="PannelSelect.cpp">
      <Filter>Source Files</Filter>
    </ClCompile>
    <ClCompile Include="PannelPTZ.cpp">
      <Filter>Source Files</Filter>
    </ClCompile>
    <ClCompile Include="PannelNormal.cpp">
      <Filter>Source Files</Filter>
    </ClCompile>
    <ClCompile Include="TreeCtrlX.cpp">
      <Filter>Source Files</Filter>
    </ClCompile>
    <ClCompile Include="PannelCruise.cpp">
      <Filter>Source Files</Filter>
    </ClCompile>
    <ClCompile Include="PannelGPS.cpp">
      <Filter>Source Files</Filter>
    </ClCompile>
    <ClCompile Include="PannelTest.cpp">
      <Filter>Source Files</Filter>
    </ClCompile>
    <ClCompile Include="PannelRecPlayRemote.cpp">
      <Filter>Source Files</Filter>
    </ClCompile>
    <ClCompile Include="DeviceManager.cpp">
      <Filter>Source Files</Filter>
    </ClCompile>
    <ClCompile Include="BVDeviceInfo.cpp">
      <Filter>Source Files</Filter>
    </ClCompile>
    <ClCompile Include="BVPuServers.cpp">
      <Filter>Source Files</Filter>
    </ClCompile>
    <ClCompile Include="BVPuWifi.cpp">
      <Filter>Source Files</Filter>
    </ClCompile>
    <ClCompile Include="BVRadioNetwork.cpp">
      <Filter>Source Files</Filter>
    </ClCompile>
    <ClCompile Include="BVPuOnlineControl.cpp">
      <Filter>Source Files</Filter>
    </ClCompile>
    <ClCompile Include="BVGpsData.cpp">
      <Filter>Source Files</Filter>
    </ClCompile>
    <ClCompile Include="UserManager.cpp">
      <Filter>Source Files</Filter>
    </ClCompile>
    <ClCompile Include="SearchPUList.cpp">
      <Filter>Source Files</Filter>
    </ClCompile>
  </ItemGroup>
  <ItemGroup>
    <ResourceCompile Include="MFCDemo.rc">
      <Filter>Resource Files</Filter>
    </ResourceCompile>
  </ItemGroup>
</Project>